
Microsoft Visual Studio Solution File, Format Version 12.00
# Visual Studio 15
VisualStudioVersion = 15.0.28010.2041
MinimumVisualStudioVersion = 10.0.40219.1
Project("{FAE04EC0-301F-11D3-BF4B-00C04F79EFBC}") = "Class 5-13-19", "Class 5-13-19\Class 5-13-19.csproj", "{0915F762-9C4D-4ECF-9552-086D13AE0888}"
EndProject
Global
	GlobalSection(SolutionConfigurationPlatforms) = preSolution
		Debug|Any CPU = Debug|Any CPU
		Release|Any CPU = Release|Any CPU
	EndGlobalSection
	GlobalSection(ProjectConfigurationPlatforms) = postSolution
		{0915F762-9C4D-4ECF-9552-086D13AE0888}.Debug|Any CPU.ActiveCfg = Debug|Any CPU
		{0915F762-9C4D-4ECF-9552-086D13AE0888}.Debug|Any CPU.Build.0 = Debug|Any CPU
		{0915F762-9C4D-4ECF-9552-086D13AE0888}.Release|Any CPU.ActiveCfg = Release|Any CPU
		{0915F762-9C4D-4ECF-9552-086D13AE0888}.Release|Any CPU.Build.0 = Release|Any CPU
	EndGlobalSection
	GlobalSection(SolutionProperties) = preSolution
		HideSolutionNode = FALSE
	EndGlobalSection
	GlobalSection(ExtensibilityGlobals) = postSolution
		SolutionGuid = {B009B621-BD13-4313-8132-C2C85385AAC6}
	EndGlobalSection
EndGlobal
